
Microsoft Visual Studio Solution File, Format Version 12.00
# Visual Studio Version 16
VisualStudioVersion = 16.0.30114.105
MinimumVisualStudioVersion = 10.0.40219.1
Project("{2150E333-8FDC-42A3-9474-1A3956D46DE8}") = "src", "src", "{C4B20F84-DDA4-4826-B858-1508F4E4FBD0}"
EndProject
Project("{FAE04EC0-301F-11D3-BF4B-00C04F79EFBC}") = "CommandApi", "src\CommandApi\CommandApi.csproj", "{DC931CB4-F141-4554-806D-366D9AADF5BC}"
EndProject
Project("{2150E333-8FDC-42A3-9474-1A3956D46DE8}") = "test", "test", "{2E9804F0-13E3-4610-B5C1-025C3C41ED61}"
EndProject
Project("{FAE04EC0-301F-11D3-BF4B-00C04F79EFBC}") = "CommandApi.Tests", "test\CommandApi.Tests\CommandApi.Tests.csproj", "{C08F378F-F712-46AD-9DCB-0D218B69F367}"
EndProject
Global
	GlobalSection(SolutionConfigurationPlatforms) = preSolution
		Debug|Any CPU = Debug|Any CPU
		Debug|x64 = Debug|x64
		Debug|x86 = Debug|x86
		Release|Any CPU = Release|Any CPU
		Release|x64 = Release|x64
		Release|x86 = Release|x86
	EndGlobalSection
	GlobalSection(SolutionProperties) = preSolution
		HideSolutionNode = FALSE
	EndGlobalSection
	GlobalSection(ProjectConfigurationPlatforms) = postSolution
		{DC931CB4-F141-4554-806D-366D9AADF5BC}.Debug|Any CPU.ActiveCfg = Debug|Any CPU
		{DC931CB4-F141-4554-806D-366D9AADF5BC}.Debug|Any CPU.Build.0 = Debug|Any CPU
		{DC931CB4-F141-4554-806D-366D9AADF5BC}.Debug|x64.ActiveCfg = Debug|Any CPU
		{DC931CB4-F141-4554-806D-366D9AADF5BC}.Debug|x64.Build.0 = Debug|Any CPU
		{DC931CB4-F141-4554-806D-366D9AADF5BC}.Debug|x86.ActiveCfg = Debug|Any CPU
		{DC931CB4-F141-4554-806D-366D9AADF5BC}.Debug|x86.Build.0 = Debug|Any CPU
		{DC931CB4-F141-4554-806D-366D9AADF5BC}.Release|Any CPU.ActiveCfg = Release|Any CPU
		{DC931CB4-F141-4554-806D-366D9AADF5BC}.Release|Any CPU.Build.0 = Release|Any CPU
		{DC931CB4-F141-4554-806D-366D9AADF5BC}.Release|x64.ActiveCfg = Release|Any CPU
		{DC931CB4-F141-4554-806D-366D9AADF5BC}.Release|x64.Build.0 = Release|Any CPU
		{DC931CB4-F141-4554-806D-366D9AADF5BC}.Release|x86.ActiveCfg = Release|Any CPU
		{DC931CB4-F141-4554-806D-366D9AADF5BC}.Release|x86.Build.0 = Release|Any CPU
		{C08F378F-F712-46AD-9DCB-0D218B69F367}.Debug|Any CPU.ActiveCfg = Debug|Any CPU
		{C08F378F-F712-46AD-9DCB-0D218B69F367}.Debug|Any CPU.Build.0 = Debug|Any CPU
		{C08F378F-F712-46AD-9DCB-0D218B69F367}.Debug|x64.ActiveCfg = Debug|Any CPU
		{C08F378F-F712-46AD-9DCB-0D218B69F367}.Debug|x64.Build.0 = Debug|Any CPU
		{C08F378F-F712-46AD-9DCB-0D218B69F367}.Debug|x86.ActiveCfg = Debug|Any CPU
		{C08F378F-F712-46AD-9DCB-0D218B69F367}.Debug|x86.Build.0 = Debug|Any CPU
		{C08F378F-F712-46AD-9DCB-0D218B69F367}.Release|Any CPU.ActiveCfg = Release|Any CPU
		{C08F378F-F712-46AD-9DCB-0D218B69F367}.Release|Any CPU.Build.0 = Release|Any CPU
		{C08F378F-F712-46AD-9DCB-0D218B69F367}.Release|x64.ActiveCfg = Release|Any CPU
		{C08F378F-F712-46AD-9DCB-0D218B69F367}.Release|x64.Build.0 = Release|Any CPU
		{C08F378F-F712-46AD-9DCB-0D218B69F367}.Release|x86.ActiveCfg = Release|Any CPU
		{C08F378F-F712-46AD-9DCB-0D218B69F367}.Release|x86.Build.0 = Release|Any CPU
	EndGlobalSection
	GlobalSection(NestedProjects) = preSolution
		{DC931CB4-F141-4554-806D-366D9AADF5BC} = {C4B20F84-DDA4-4826-B858-1508F4E4FBD0}
		{C08F378F-F712-46AD-9DCB-0D218B69F367} = {2E9804F0-13E3-4610-B5C1-025C3C41ED61}
	EndGlobalSection
EndGlobal
